
Microsoft Visual Studio Solution File, Format Version 12.00
# Visual Studio Version 17
VisualStudioVersion = 17.7.34018.315
MinimumVisualStudioVersion = 10.0.40219.1
Project("{FAE04EC0-301F-11D3-BF4B-00C04F79EFBC}") = "Inlämningsuppgift 3.5", "Inlämningsuppgift 3.5\Inlämningsuppgift 3.5.csproj", "{ABED9FE0-02A0-4955-8005-BD11861702C6}"
EndProject
Global
	GlobalSection(SolutionConfigurationPlatforms) = preSolution
		Debug|Any CPU = Debug|Any CPU
		Release|Any CPU = Release|Any CPU
	EndGlobalSection
	GlobalSection(ProjectConfigurationPlatforms) = postSolution
		{ABED9FE0-02A0-4955-8005-BD11861702C6}.Debug|Any CPU.ActiveCfg = Debug|Any CPU
		{ABED9FE0-02A0-4955-8005-BD11861702C6}.Debug|Any CPU.Build.0 = Debug|Any CPU
		{ABED9FE0-02A0-4955-8005-BD11861702C6}.Release|Any CPU.ActiveCfg = Release|Any CPU
		{ABED9FE0-02A0-4955-8005-BD11861702C6}.Release|Any CPU.Build.0 = Release|Any CPU
	EndGlobalSection
	GlobalSection(SolutionProperties) = preSolution
		HideSolutionNode = FALSE
	EndGlobalSection
	GlobalSection(ExtensibilityGlobals) = postSolution
		SolutionGuid = {475EA2CC-14A7-42AF-9092-C0BF2341DF52}
	EndGlobalSection
EndGlobal
